{
  "name": "questionnaire-creator",
  "version": "0.0.0",
  "lockfileVersion": 3,
  "requires": true,
  "packages": {
    "": {
      "name": "questionnaire-creator",
      "version": "0.0.0",
      "workspaces": [
        "frontend",
        "backend",
        "shared"
      ],
      "engines": {
        "node": ">=22"
      }
    },
    "backend": {
      "name": "@app/backend",
      "version": "0.0.0"
    },
    "frontend": {
      "name": "@app/frontend",
      "version": "0.0.0"
    },
    "node_modules/@app/backend": {
      "resolved": "backend",
      "link": true
    },
    "node_modules/@app/frontend": {
      "resolved": "frontend",
      "link": true
    },
    "node_modules/@app/shared": {
      "resolved": "shared",
      "link": true
    },
    "shared": {
      "name": "@app/shared",
      "version": "0.0.0"
    }
  }
}
